// !$*UTF8*$!
{
	archiveVersion = 1;
	classes = {
	};
	objectVersion = 46;
	objects = {

/* Begin PBXBuildFile section */
		229CB8721EDB82170051C02C /* main.m in Sources */ = {isa = PBXBuildFile; fileRef = 229CB8711EDB82170051C02C /* main.m */; };
		229CB8751EDB82170051C02C /* AppDelegate.m in Sources */ = {isa = PBXBuildFile; fileRef = 229CB8741EDB82170051C02C /* AppDelegate.m */; };
		229CB8781EDB82170051C02C /* PWNMainViewController.m in Sources */ = {isa = PBXBuildFile; fileRef = 229CB8771EDB82170051C02C /* PWNMainViewController.m */; };
		229CB87B1EDB82170051C02C /* Main.storyboard in Resources */ = {isa = PBXBuildFile; fileRef = 229CB8791EDB82170051C02C /* Main.storyboard */; };
		229CB87D1EDB82170051C02C /* Assets.xcassets in Resources */ = {isa = PBXBuildFile; fileRef = 229CB87C1EDB82170051C02C /* Assets.xcassets */; };
		229CB8801EDB82170051C02C /* LaunchScreen.storyboard in Resources */ = {isa = PBXBuildFile; fileRef = 229CB87E1EDB82170051C02C /* LaunchScreen.storyboard */; };
		229CB88B1EDB82170051C02C /* PowerNewsTests.m in Sources */ = {isa = PBXBuildFile; fileRef = 229CB88A1EDB82170051C02C /* PowerNewsTests.m */; };
		9A323E97B52EDC8583EFEEB2 /* Pods_PowerNewsTests.framework in Frameworks */ = {isa = PBXBuildFile; fileRef = 058FAC09A11E86325AC95F6B /* Pods_PowerNewsTests.framework */; };
		CA5CFB116BE1B318E2EBD62C /* Pods_PowerNews.framework in Frameworks */ = {isa = PBXBuildFile; fileRef = 1C8615244D4A2C10A1B6E815 /* Pods_PowerNews.framework */; };
/* End PBXBuildFile section */

/* Begin PBXContainerItemProxy section */
		229CB8871EDB82170051C02C /* PBXContainerItemProxy */ = {
			isa = PBXContainerItemProxy;
			containerPortal = 229CB8651EDB82170051C02C /* Project object */;
			proxyType = 1;
			remoteGlobalIDString = 229CB86C1EDB82170051C02C;
			remoteInfo = PowerNews;
		};
/* End PBXContainerItemProxy section */

/* Begin PBXFileReference section */
		058FAC09A11E86325AC95F6B /* Pods_PowerNewsTests.framework */ = {isa = PBXFileReference; explicitFileType = wrapper.framework; includeInIndex = 0; path = Pods_PowerNewsTests.framework; sourceTree = BUILT_PRODUCTS_DIR; };
		1C8615244D4A2C10A1B6E815 /* Pods_PowerNews.framework */ = {isa = PBXFileReference; explicitFileType = wrapper.framework; includeInIndex = 0; path = Pods_PowerNews.framework; sourceTree = BUILT_PRODUCTS_DIR; };
		229CB86D1EDB82170051C02C /* PowerNews.app */ = {isa = PBXFileReference; explicitFileType = wrapper.application; includeInIndex = 0; path = PowerNews.app; sourceTree = BUILT_PRODUCTS_DIR; };
		229CB8711EDB82170051C02C /* main.m */ = {isa = PBXFileReference; lastKnownFileType = sourcecode.c.objc; path = main.m; sourceTree = "<group>"; };
		229CB8731EDB82170051C02C /* AppDelegate.h */ = {isa = PBXFileReference; lastKnownFileType = sourcecode.c.h; path = AppDelegate.h; sourceTree = "<group>"; };
		229CB8741EDB82170051C02C /* AppDelegate.m */ = {isa = PBXFileReference; lastKnownFileType = sourcecode.c.objc; path = AppDelegate.m; sourceTree = "<group>"; };
		229CB8761EDB82170051C02C /* PWNMainViewController.h */ = {isa = PBXFileReference; lastKnownFileType = sourcecode.c.h; path = PWNMainViewController.h; sourceTree = "<group>"; };
		229CB8771EDB82170051C02C /* PWNMainViewController.m */ = {isa = PBXFileReference; lastKnownFileType = sourcecode.c.objc; path = PWNMainViewController.m; sourceTree = "<group>"; };
		229CB87A1EDB82170051C02C /* Base */ = {isa = PBXFileReference; lastKnownFileType = file.storyboard; name = Base; path = Base.lproj/Main.storyboard; sourceTree = "<group>"; };
		229CB87C1EDB82170051C02C /* Assets.xcassets */ = {isa = PBXFileReference; lastKnownFileType = folder.assetcatalog; path = Assets.xcassets; sourceTree = "<group>"; };
		229CB87F1EDB82170051C02C /* Base */ = {isa = PBXFileReference; lastKnownFileType = file.storyboard; name = Base; path = Base.lproj/LaunchScreen.storyboard; sourceTree = "<group>"; };
		229CB8811EDB82170051C02C /* Info.plist */ = {isa = PBXFileReference; lastKnownFileType = text.plist.xml; path = Info.plist; sourceTree = "<group>"; };
		229CB8861EDB82170051C02C /* PowerNewsTests.xctest */ = {isa = PBXFileReference; explicitFileType = wrapper.cfbundle; includeInIndex = 0; path = PowerNewsTests.xctest; sourceTree = BUILT_PRODUCTS_DIR; };
		229CB88A1EDB82170051C02C /* PowerNewsTests.m */ = {isa = PBXFileReference; lastKnownFileType = sourcecode.c.objc; path = PowerNewsTests.m; sourceTree = "<group>"; };
		229CB88C1EDB82170051C02C /* Info.plist */ = {isa = PBXFileReference; lastKnownFileType = text.plist.xml; path = Info.plist; sourceTree = "<group>"; };
		6F880669606E2C694CD43E57 /* Pods-PowerNews.release.xcconfig */ = {isa = PBXFileReference; includeInIndex = 1; lastKnownFileType = text.xcconfig; name = "Pods-PowerNews.release.xcconfig"; path = "Pods/Target Support Files/Pods-PowerNews/Pods-PowerNews.release.xcconfig"; sourceTree = "<group>"; };
		8B815C75CA5C5EFE09139A5F /* Pods-PowerNews.debug.xcconfig */ = {isa = PBXFileReference; includeInIndex = 1; lastKnownFileType = text.xcconfig; name = "Pods-PowerNews.debug.xcconfig"; path = "Pods/Target Support Files/Pods-PowerNews/Pods-PowerNews.debug.xcconfig"; sourceTree = "<group>"; };
		90D23BDED92D18D0A97D7D3C /* Pods-PowerNewsTests.release.xcconfig */ = {isa = PBXFileReference; includeInIndex = 1; lastKnownFileType = text.xcconfig; name = "Pods-PowerNewsTests.release.xcconfig"; path = "Pods/Target Support Files/Pods-PowerNewsTests/Pods-PowerNewsTests.release.xcconfig"; sourceTree = "<group>"; };
		9CDB38D18C35641E882642B1 /* Pods-PowerNewsTests.debug.xcconfig */ = {isa = PBXFileReference; includeInIndex = 1; lastKnownFileType = text.xcconfig; name = "Pods-PowerNewsTests.debug.xcconfig"; path = "Pods/Target Support Files/Pods-PowerNewsTests/Pods-PowerNewsTests.debug.xcconfig"; sourceTree = "<group>"; };
/* End PBXFileReference section */

/* Begin PBXFrameworksBuildPhase section */
		229CB86A1EDB82170051C02C /* Frameworks */ = {
			isa = PBXFrameworksBuildPhase;
			buildActionMask = 2147483647;
			files = (
				CA5CFB116BE1B318E2EBD62C /* Pods_PowerNews.framework in Frameworks */,
			);
			runOnlyForDeploymentPostprocessing = 0;
		};
		229CB8831EDB82170051C02C /* Frameworks */ = {
			isa = PBXFrameworksBuildPhase;
			buildActionMask = 2147483647;
			files = (
				9A323E97B52EDC8583EFEEB2 /* Pods_PowerNewsTests.framework in Frameworks */,
			);
			runOnlyForDeploymentPostprocessing = 0;
		};
/* End PBXFrameworksBuildPhase section */

/* Begin PBXGroup section */
		229CB8641EDB82170051C02C = {
			isa = PBXGroup;
			children = (
				229CB86F1EDB82170051C02C /* PowerNews */,
				229CB8891EDB82170051C02C /* PowerNewsTests */,
				229CB86E1EDB82170051C02C /* Products */,
				56BB52E83D09EEB5DBE441C3 /* Pods */,
				2EF2386ACB439E71D132174A /* Frameworks */,
			);
			sourceTree = "<group>";
		};
		229CB86E1EDB82170051C02C /* Products */ = {
			isa = PBXGroup;
			children = (
				229CB86D1EDB82170051C02C /* PowerNews.app */,
				229CB8861EDB82170051C02C /* PowerNewsTests.xctest */,
			);
			name = Products;
			sourceTree = "<group>";
		};
		229CB86F1EDB82170051C02C /* PowerNews */ = {
			isa = PBXGroup;
			children = (
				229CB89D1EDB842C0051C02C /* ServiceLayer */,
				229CB89C1EDB83AE0051C02C /* Views */,
				229CB89B1EDB83A10051C02C /* Controllers */,
				229CB89A1EDB83940051C02C /* Models */,
				229CB8961EDB83000051C02C /* Resources */,
				229CB8951EDB82F00051C02C /* Application */,
				229CB8701EDB82170051C02C /* Supporting Files */,
			);
			path = PowerNews;
			sourceTree = "<group>";
		};
		229CB8701EDB82170051C02C /* Supporting Files */ = {
			isa = PBXGroup;
			children = (
				229CB8711EDB82170051C02C /* main.m */,
				229CB8811EDB82170051C02C /* Info.plist */,
			);
			name = "Supporting Files";
			sourceTree = "<group>";
		};
		229CB8891EDB82170051C02C /* PowerNewsTests */ = {
			isa = PBXGroup;
			children = (
				229CB88A1EDB82170051C02C /* PowerNewsTests.m */,
				229CB88C1EDB82170051C02C /* Info.plist */,
			);
			path = PowerNewsTests;
			sourceTree = "<group>";
		};
		229CB8951EDB82F00051C02C /* Application */ = {
			isa = PBXGroup;
			children = (
				229CB8731EDB82170051C02C /* AppDelegate.h */,
				229CB8741EDB82170051C02C /* AppDelegate.m */,
			);
			name = Application;
			sourceTree = "<group>";
		};
		229CB8961EDB83000051C02C /* Resources */ = {
			isa = PBXGroup;
			children = (
				229CB8971EDB831A0051C02C /* Assets */,
				229CB8981EDB832C0051C02C /* Storyboards */,
				229CB8991EDB835B0051C02C /* XIBs */,
			);
			name = Resources;
			sourceTree = "<group>";
		};
		229CB8971EDB831A0051C02C /* Assets */ = {
			isa = PBXGroup;
			children = (
				229CB87C1EDB82170051C02C /* Assets.xcassets */,
			);
			name = Assets;
			sourceTree = "<group>";
		};
		229CB8981EDB832C0051C02C /* Storyboards */ = {
			isa = PBXGroup;
			children = (
				229CB8791EDB82170051C02C /* Main.storyboard */,
				229CB87E1EDB82170051C02C /* LaunchScreen.storyboard */,
			);
			name = Storyboards;
			sourceTree = "<group>";
		};
		229CB8991EDB835B0051C02C /* XIBs */ = {
			isa = PBXGroup;
			children = (
			);
			name = XIBs;
			sourceTree = "<group>";
		};
		229CB89A1EDB83940051C02C /* Models */ = {
			isa = PBXGroup;
			children = (
			);
			name = Models;
			sourceTree = "<group>";
		};
		229CB89B1EDB83A10051C02C /* Controllers */ = {
			isa = PBXGroup;
			children = (
				229CB8761EDB82170051C02C /* PWNMainViewController.h */,
				229CB8771EDB82170051C02C /* PWNMainViewController.m */,
			);
			name = Controllers;
			sourceTree = "<group>";
		};
		229CB89C1EDB83AE0051C02C /* Views */ = {
			isa = PBXGroup;
			children = (
			);
			name = Views;
			sourceTree = "<group>";
		};
		229CB89D1EDB842C0051C02C /* ServiceLayer */ = {
			isa = PBXGroup;
			children = (
				229CB89E1EDB84A70051C02C /* Network */,
			);
			name = ServiceLayer;
			sourceTree = "<group>";
		};
		229CB89E1EDB84A70051C02C /* Network */ = {
			isa = PBXGroup;
			children = (
			);
			name = Network;
			sourceTree = "<group>";
		};
		2EF2386ACB439E71D132174A /* Frameworks */ = {
			isa = PBXGroup;
			children = (
				1C8615244D4A2C10A1B6E815 /* Pods_PowerNews.framework */,
				058FAC09A11E86325AC95F6B /* Pods_PowerNewsTests.framework */,
			);
			name = Frameworks;
			sourceTree = "<group>";
		};
		56BB52E83D09EEB5DBE441C3 /* Pods */ = {
			isa = PBXGroup;
			children = (
				8B815C75CA5C5EFE09139A5F /* Pods-PowerNews.debug.xcconfig */,
				6F880669606E2C694CD43E57 /* Pods-PowerNews.release.xcconfig */,
				9CDB38D18C35641E882642B1 /* Pods-PowerNewsTests.debug.xcconfig */,
				90D23BDED92D18D0A97D7D3C /* Pods-PowerNewsTests.release.xcconfig */,
			);
			name = Pods;
			sourceTree = "<group>";
		};
/* End PBXGroup section */

/* Begin PBXNativeTarget section */
		229CB86C1EDB82170051C02C /* PowerNews */ = {
			isa = PBXNativeTarget;
			buildConfigurationList = 229CB88F1EDB82170051C02C /* Build configuration list for PBXNativeTarget "PowerNews" */;
			buildPhases = (
				2191168151DADF197FAE105B /* [CP] Check Pods Manifest.lock */,
				229CB8691EDB82170051C02C /* Sources */,
				229CB86A1EDB82170051C02C /* Frameworks */,
				229CB86B1EDB82170051C02C /* Resources */,
				8BF1FB98CB502D0023F1782A /* [CP] Embed Pods Frameworks */,
				1EC51EAAB1C74530A2D95FDA /* [CP] Copy Pods Resources */,
			);
			buildRules = (
			);
			dependencies = (
			);
			name = PowerNews;
			productName = PowerNews;
			productReference = 229CB86D1EDB82170051C02C /* PowerNews.app */;
			productType = "com.apple.product-type.application";
		};
		229CB8851EDB82170051C02C /* PowerNewsTests */ = {
			isa = PBXNativeTarget;
			buildConfigurationList = 229CB8921EDB82170051C02C /* Build configuration list for PBXNativeTarget "PowerNewsTests" */;
			buildPhases = (
				EA4D6B8E93DC6B87F6A0AA17 /* [CP] Check Pods Manifest.lock */,
				229CB8821EDB82170051C02C /* Sources */,
				229CB8831EDB82170051C02C /* Frameworks */,
				229CB8841EDB82170051C02C /* Resources */,
				A4D901F89D46A0DBC3B5CCFA /* [CP] Embed Pods Frameworks */,
				68225CDF9760E7628316963D /* [CP] Copy Pods Resources */,
			);
			buildRules = (
			);
			dependencies = (
				229CB8881EDB82170051C02C /* PBXTargetDependency */,
			);
			name = PowerNewsTests;
			productName = PowerNewsTests;
			productReference = 229CB8861EDB82170051C02C /* PowerNewsTests.xctest */;
			productType = "com.apple.product-type.bundle.unit-test";
		};
/* End PBXNativeTarget section */

/* Begin PBXProject section */
		229CB8651EDB82170051C02C /* Project object */ = {
			isa = PBXProject;
			attributes = {
				LastUpgradeCheck = 0830;
				ORGANIZATIONNAME = "Dmytro Tykhyi";
				TargetAttributes = {
					229CB86C1EDB82170051C02C = {
						CreatedOnToolsVersion = 8.3.2;
						DevelopmentTeam = EXA34F332D;
						ProvisioningStyle = Automatic;
					};
					229CB8851EDB82170051C02C = {
						CreatedOnToolsVersion = 8.3.2;
						DevelopmentTeam = EXA34F332D;
						ProvisioningStyle = Automatic;
						TestTargetID = 229CB86C1EDB82170051C02C;
					};
				};
			};
			buildConfigurationList = 229CB8681EDB82170051C02C /* Build configuration list for PBXProject "PowerNews" */;
			compatibilityVersion = "Xcode 3.2";
			developmentRegion = English;
			hasScannedForEncodings = 0;
			knownRegions = (
				en,
				Base,
			);
			mainGroup = 229CB8641EDB82170051C02C;
			productRefGroup = 229CB86E1EDB82170051C02C /* Products */;
			projectDirPath = "";
			projectRoot = "";
			targets = (
				229CB86C1EDB82170051C02C /* PowerNews */,
				229CB8851EDB82170051C02C /* PowerNewsTests */,
			);
		};
/* End PBXProject section */

/* Begin PBXResourcesBuildPhase section */
		229CB86B1EDB82170051C02C /* Resources */ = {
			isa = PBXResourcesBuildPhase;
			buildActionMask = 2147483647;
			files = (
				229CB8801EDB82170051C02C /* LaunchScreen.storyboard in Resources */,
				229CB87D1EDB82170051C02C /* Assets.xcassets in Resources */,
				229CB87B1EDB82170051C02C /* Main.storyboard in Resources */,
			);
			runOnlyForDeploymentPostprocessing = 0;
		};
		229CB8841EDB82170051C02C /* Resources */ = {
			isa = PBXResourcesBuildPhase;
			buildActionMask = 2147483647;
			files = (
			);
			runOnlyForDeploymentPostprocessing = 0;
		};
/* End PBXResourcesBuildPhase section */

/* Begin PBXShellScriptBuildPhase section */
		1EC51EAAB1C74530A2D95FDA /* [CP] Copy Pods Resources */ = {
			isa = PBXShellScriptBuildPhase;
			buildActionMask = 2147483647;
			files = (
			);
			inputPaths = (
			);
			name = "[CP] Copy Pods Resources";
			outputPaths = (
			);
			runOnlyForDeploymentPostprocessing = 0;
			shellPath = /bin/sh;
			shellScript = "\"${SRCROOT}/Pods/Target Support Files/Pods-PowerNews/Pods-PowerNews-resources.sh\"\n";
			showEnvVarsInLog = 0;
		};
		2191168151DADF197FAE105B /* [CP] Check Pods Manifest.lock */ = {
			isa = PBXShellScriptBuildPhase;
			buildActionMask = 2147483647;
			files = (
			);
			inputPaths = (
			);
			name = "[CP] Check Pods Manifest.lock";
			outputPaths = (
			);
			runOnlyForDeploymentPostprocessing = 0;
			shellPath = /bin/sh;
			shellScript = "diff \"${PODS_ROOT}/../Podfile.lock\" \"${PODS_ROOT}/Manifest.lock\" > /dev/null\nif [ $? != 0 ] ; then\n    # print error to STDERR\n    echo \"error: The sandbox is not in sync with the Podfile.lock. Run 'pod install' or update your CocoaPods installation.\" >&2\n    exit 1\nfi\n";
			showEnvVarsInLog = 0;
		};
		68225CDF9760E7628316963D /* [CP] Copy Pods Resources */ = {
			isa = PBXShellScriptBuildPhase;
			buildActionMask = 2147483647;
			files = (
			);
			inputPaths = (
			);
			name = "[CP] Copy Pods Resources";
			outputPaths = (
			);
			runOnlyForDeploymentPostprocessing = 0;
			shellPath = /bin/sh;
			shellScript = "\"${SRCROOT}/Pods/Target Support Files/Pods-PowerNewsTests/Pods-PowerNewsTests-resources.sh\"\n";
			showEnvVarsInLog = 0;
		};
		8BF1FB98CB502D0023F1782A /* [CP] Embed Pods Frameworks */ = {
			isa = PBXShellScriptBuildPhase;
			buildActionMask = 2147483647;
			files = (
			);
			inputPaths = (
			);
			name = "[CP] Embed Pods Frameworks";
			outputPaths = (
			);
			runOnlyForDeploymentPostprocessing = 0;
			shellPath = /bin/sh;
			shellScript = "\"${SRCROOT}/Pods/Target Support Files/Pods-PowerNews/Pods-PowerNews-frameworks.sh\"\n";
			showEnvVarsInLog = 0;
		};
		A4D901F89D46A0DBC3B5CCFA /* [CP] Embed Pods Frameworks */ = {
			isa = PBXShellScriptBuildPhase;
			buildActionMask = 2147483647;
			files = (
			);
			inputPaths = (
			);
			name = "[CP] Embed Pods Frameworks";
			outputPaths = (
			);
			runOnlyForDeploymentPostprocessing = 0;
			shellPath = /bin/sh;
			shellScript = "\"${SRCROOT}/Pods/Target Support Files/Pods-PowerNewsTests/Pods-PowerNewsTests-frameworks.sh\"\n";
			showEnvVarsInLog = 0;
		};
		EA4D6B8E93DC6B87F6A0AA17 /* [CP] Check Pods Manifest.lock */ = {
			isa = PBXShellScriptBuildPhase;
			buildActionMask = 2147483647;
			files = (
			);
			inputPaths = (
			);
			name = "[CP] Check Pods Manifest.lock";
			outputPaths = (
			);
			runOnlyForDeploymentPostprocessing = 0;
			shellPath = /bin/sh;
			shellScript = "diff \"${PODS_ROOT}/../Podfile.lock\" \"${PODS_ROOT}/Manifest.lock\" > /dev/null\nif [ $? != 0 ] ; then\n    # print error to STDERR\n    echo \"error: The sandbox is not in sync with the Podfile.lock. Run 'pod install' or update your CocoaPods installation.\" >&2\n    exit 1\nfi\n";
			showEnvVarsInLog = 0;
		};
/* End PBXShellScriptBuildPhase section */

/* Begin PBXSourcesBuildPhase section */
		229CB8691EDB82170051C02C /* Sources */ = {
			isa = PBXSourcesBuildPhase;
			buildActionMask = 2147483647;
			files = (
				229CB8781EDB82170051C02C /* PWNMainViewController.m in Sources */,
				229CB8751EDB82170051C02C /* AppDelegate.m in Sources */,
				229CB8721EDB82170051C02C /* main.m in Sources */,
			);
			runOnlyForDeploymentPostprocessing = 0;
		};
		229CB8821EDB82170051C02C /* Sources */ = {
			isa = PBXSourcesBuildPhase;
			buildActionMask = 2147483647;
			files = (
				229CB88B1EDB82170051C02C /* PowerNewsTests.m in Sources */,
			);
			runOnlyForDeploymentPostprocessing = 0;
		};
/* End PBXSourcesBuildPhase section */

/* Begin PBXTargetDependency section */
		229CB8881EDB82170051C02C /* PBXTargetDependency */ = {
			isa = PBXTargetDependency;
			target = 229CB86C1EDB82170051C02C /* PowerNews */;
			targetProxy = 229CB8871EDB82170051C02C /* PBXContainerItemProxy */;
		};
/* End PBXTargetDependency section */

/* Begin PBXVariantGroup section */
		229CB8791EDB82170051C02C /* Main.storyboard */ = {
			isa = PBXVariantGroup;
			children = (
				229CB87A1EDB82170051C02C /* Base */,
			);
			name = Main.storyboard;
			sourceTree = "<group>";
		};
		229CB87E1EDB82170051C02C /* LaunchScreen.storyboard */ = {
			isa = PBXVariantGroup;
			children = (
				229CB87F1EDB82170051C02C /* Base */,
			);
			name = LaunchScreen.storyboard;
			sourceTree = "<group>";
		};
/* End PBXVariantGroup section */

/* Begin XCBuildConfiguration section */
		229CB88D1EDB82170051C02C /* Debug */ = {
			isa = XCBuildConfiguration;
			buildSettings = {
				ALWAYS_SEARCH_USER_PATHS = NO;
				CLANG_ANALYZER_NONNULL = YES;
				CLANG_ANALYZER_NUMBER_OBJECT_CONVERSION = YES_AGGRESSIVE;
				CLANG_CXX_LANGUAGE_STANDARD = "gnu++0x";
				CLANG_CXX_LIBRARY = "libc++";
				CLANG_ENABLE_MODULES = YES;
				CLANG_ENABLE_OBJC_ARC = YES;
				CLANG_WARN_BOOL_CONVERSION = YES;
				CLANG_WARN_CONSTANT_CONVERSION = YES;
				CLANG_WARN_DIRECT_OBJC_ISA_USAGE = YES_ERROR;
				CLANG_WARN_DOCUMENTATION_COMMENTS = YES;
				CLANG_WARN_EMPTY_BODY = YES;
				CLANG_WARN_ENUM_CONVERSION = YES;
				CLANG_WARN_INFINITE_RECURSION = YES;
				CLANG_WARN_INT_CONVERSION = YES;
				CLANG_WARN_OBJC_ROOT_CLASS = YES_ERROR;
				CLANG_WARN_SUSPICIOUS_MOVE = YES;
				CLANG_WARN_UNREACHABLE_CODE = YES;
				CLANG_WARN__DUPLICATE_METHOD_MATCH = YES;
				"CODE_SIGN_IDENTITY[sdk=iphoneos*]" = "iPhone Developer";
				COPY_PHASE_STRIP = NO;
				DEBUG_INFORMATION_FORMAT = dwarf;
				ENABLE_STRICT_OBJC_MSGSEND = YES;
				ENABLE_TESTABILITY = YES;
				GCC_C_LANGUAGE_STANDARD = gnu99;
				GCC_DYNAMIC_NO_PIC = NO;
				GCC_NO_COMMON_BLOCKS = YES;
				GCC_OPTIMIZATION_LEVEL = 0;
				GCC_PREPROCESSOR_DEFINITIONS = (
					"DEBUG=1",
					"$(inherited)",
				);
				GCC_WARN_64_TO_32_BIT_CONVERSION = YES;
				GCC_WARN_ABOUT_RETURN_TYPE = YES_ERROR;
				GCC_WARN_UNDECLARED_SELECTOR = YES;
				GCC_WARN_UNINITIALIZED_AUTOS = YES_AGGRESSIVE;
				GCC_WARN_UNUSED_FUNCTION = YES;
				GCC_WARN_UNUSED_VARIABLE = YES;
				IPHONEOS_DEPLOYMENT_TARGET = 10.3;
				MTL_ENABLE_DEBUG_INFO = YES;
				ONLY_ACTIVE_ARCH = YES;
				SDKROOT = iphoneos;
			};
			name = Debug;
		};
		229CB88E1EDB82170051C02C /* Release */ = {
			isa = XCBuildConfiguration;
			buildSettings = {
				ALWAYS_SEARCH_USER_PATHS = NO;
				CLANG_ANALYZER_NONNULL = YES;
				CLANG_ANALYZER_NUMBER_OBJECT_CONVERSION = YES_AGGRESSIVE;
				CLANG_CXX_LANGUAGE_STANDARD = "gnu++0x";
				CLANG_CXX_LIBRARY = "libc++";
				CLANG_ENABLE_MODULES = YES;
				CLANG_ENABLE_OBJC_ARC = YES;
				CLANG_WARN_BOOL_CONVERSION = YES;
				CLANG_WARN_CONSTANT_CONVERSION = YES;
				CLANG_WARN_DIRECT_OBJC_ISA_USAGE = YES_ERROR;
				CLANG_WARN_DOCUMENTATION_COMMENTS = YES;
				CLANG_WARN_EMPTY_BODY = YES;
				CLANG_WARN_ENUM_CONVERSION = YES;
				CLANG_WARN_INFINITE_RECURSION = YES;
				CLANG_WARN_INT_CONVERSION = YES;
				CLANG_WARN_OBJC_ROOT_CLASS = YES_ERROR;
				CLANG_WARN_SUSPICIOUS_MOVE = YES;
				CLANG_WARN_UNREACHABLE_CODE = YES;
				CLANG_WARN__DUPLICATE_METHOD_MATCH = YES;
				"CODE_SIGN_IDENTITY[sdk=iphoneos*]" = "iPhone Developer";
				COPY_PHASE_STRIP = NO;
				DEBUG_INFORMATION_FORMAT = "dwarf-with-dsym";
				ENABLE_NS_ASSERTIONS = NO;
				ENABLE_STRICT_OBJC_MSGSEND = YES;
				GCC_C_LANGUAGE_STANDARD = gnu99;
				GCC_NO_COMMON_BLOCKS = YES;
				GCC_WARN_64_TO_32_BIT_CONVERSION = YES;
				GCC_WARN_ABOUT_RETURN_TYPE = YES_ERROR;
				GCC_WARN_UNDECLARED_SELECTOR = YES;
				GCC_WARN_UNINITIALIZED_AUTOS = YES_AGGRESSIVE;
				GCC_WARN_UNUSED_FUNCTION = YES;
				GCC_WARN_UNUSED_VARIABLE = YES;
				IPHONEOS_DEPLOYMENT_TARGET = 10.3;
				MTL_ENABLE_DEBUG_INFO = NO;
				SDKROOT = iphoneos;
				VALIDATE_PRODUCT = YES;
			};
			name = Release;
		};
		229CB8901EDB82170051C02C /* Debug */ = {
			isa = XCBuildConfiguration;
			baseConfigurationReference = 8B815C75CA5C5EFE09139A5F /* Pods-PowerNews.debug.xcconfig */;
			buildSettings = {
				ASSETCATALOG_COMPILER_APPICON_NAME = AppIcon;
				DEVELOPMENT_TEAM = EXA34F332D;
				INFOPLIST_FILE = PowerNews/Info.plist;
				LD_RUNPATH_SEARCH_PATHS = "$(inherited) @executable_path/Frameworks";
				PRODUCT_BUNDLE_IDENTIFIER = com.dtikhiy.PowerNews;
				PRODUCT_NAME = "$(TARGET_NAME)";
			};
			name = Debug;
		};
		229CB8911EDB82170051C02C /* Release */ = {
			isa = XCBuildConfiguration;
			baseConfigurationReference = 6F880669606E2C694CD43E57 /* Pods-PowerNews.release.xcconfig */;
			buildSettings = {
				ASSETCATALOG_COMPILER_APPICON_NAME = AppIcon;
				DEVELOPMENT_TEAM = EXA34F332D;
				INFOPLIST_FILE = PowerNews/Info.plist;
				LD_RUNPATH_SEARCH_PATHS = "$(inherited) @executable_path/Frameworks";
				PRODUCT_BUNDLE_IDENTIFIER = com.dtikhiy.PowerNews;
				PRODUCT_NAME = "$(TARGET_NAME)";
			};
			name = Release;
		};
		229CB8931EDB82170051C02C /* Debug */ = {
			isa = XCBuildConfiguration;
			baseConfigurationReference = 9CDB38D18C35641E882642B1 /* Pods-PowerNewsTests.debug.xcconfig */;
			buildSettings = {
				BUNDLE_LOADER = "$(TEST_HOST)";
				DEVELOPMENT_TEAM = EXA34F332D;
				INFOPLIST_FILE = PowerNewsTests/Info.plist;
				LD_RUNPATH_SEARCH_PATHS = "$(inherited) @executable_path/Frameworks @loader_path/Frameworks";
				PRODUCT_BUNDLE_IDENTIFIER = com.dtikhiy.PowerNewsTests;
				PRODUCT_NAME = "$(TARGET_NAME)";
				TEST_HOST = "$(BUILT_PRODUCTS_DIR)/PowerNews.app/PowerNews";
			};
			name = Debug;
		};
		229CB8941EDB82170051C02C /* Release */ = {
			isa = XCBuildConfiguration;
			baseConfigurationReference = 90D23BDED92D18D0A97D7D3C /* Pods-PowerNewsTests.release.xcconfig */;
			buildSettings = {
				BUNDLE_LOADER = "$(TEST_HOST)";
				DEVELOPMENT_TEAM = EXA34F332D;
				INFOPLIST_FILE = PowerNewsTests/Info.plist;
				LD_RUNPATH_SEARCH_PATHS = "$(inherited) @executable_path/Frameworks @loader_path/Frameworks";
				PRODUCT_BUNDLE_IDENTIFIER = com.dtikhiy.PowerNewsTests;
				PRODUCT_NAME = "$(TARGET_NAME)";
				TEST_HOST = "$(BUILT_PRODUCTS_DIR)/PowerNews.app/PowerNews";
			};
			name = Release;
		};
/* End XCBuildConfiguration section */

/* Begin XCConfigurationList section */
		229CB8681EDB82170051C02C /* Build configuration list for PBXProject "PowerNews" */ = {
			isa = XCConfigurationList;
			buildConfigurations = (
				229CB88D1EDB82170051C02C /* Debug */,
				229CB88E1EDB82170051C02C /* Release */,
			);
			defaultConfigurationIsVisible = 0;
			defaultConfigurationName = Release;
		};
		229CB88F1EDB82170051C02C /* Build configuration list for PBXNativeTarget "PowerNews" */ = {
			isa = XCConfigurationList;
			buildConfigurations = (
				229CB8901EDB82170051C02C /* Debug */,
				229CB8911EDB82170051C02C /* Release */,
			);
			defaultConfigurationIsVisible = 0;
		};
		229CB8921EDB82170051C02C /* Build configuration list for PBXNativeTarget "PowerNewsTests" */ = {
			isa = XCConfigurationList;
			buildConfigurations = (
				229CB8931EDB82170051C02C /* Debug */,
				229CB8941EDB82170051C02C /* Release */,
			);
			defaultConfigurationIsVisible = 0;
		};
/* End XCConfigurationList section */
	};
	rootObject = 229CB8651EDB82170051C02C /* Project object */;
}
